// !$*UTF8*$!
{
	archiveVersion = 1;
	classes = {
	};
	objectVersion = 46;
	objects = {

/* Begin PBXBuildFile section */
		3B0D3DBB1CCE62AB00EF8D0C /* CreateTrackView.swift in Sources */ = {isa = PBXBuildFile; fileRef = 3B0D3DBA1CCE62AB00EF8D0C /* CreateTrackView.swift */; };
		3B1DE0351CB2911900682689 /* WaveformCollectionViewLayout.swift in Sources */ = {isa = PBXBuildFile; fileRef = 3B1DE0341CB2911900682689 /* WaveformCollectionViewLayout.swift */; };
		3B1DE0381CB3126500682689 /* LoopPoint.swift in Sources */ = {isa = PBXBuildFile; fileRef = 3B1DE0371CB3126500682689 /* LoopPoint.swift */; };
		3B1DE03A1CB3134E00682689 /* Track.swift in Sources */ = {isa = PBXBuildFile; fileRef = 3B1DE0391CB3134E00682689 /* Track.swift */; };
		3B1DE03C1CB42D2100682689 /* Disablable.swift in Sources */ = {isa = PBXBuildFile; fileRef = 3B1DE03B1CB42D2100682689 /* Disablable.swift */; };
		3B297B501CCBE49700C93E2E /* MuteAllView.swift in Sources */ = {isa = PBXBuildFile; fileRef = 3B297B4F1CCBE49700C93E2E /* MuteAllView.swift */; };
		3B2F91F91CAAD300003B54FE /* LoopRecordDelegate.swift in Sources */ = {isa = PBXBuildFile; fileRef = 3B2F91F81CAAD300003B54FE /* LoopRecordDelegate.swift */; };
		3B3331861CD2B601009CB79E /* RemoveTrackView.swift in Sources */ = {isa = PBXBuildFile; fileRef = 3B3331851CD2B601009CB79E /* RemoveTrackView.swift */; };
		3B3331881CD3A4D1009CB79E /* WaveformGestureRecognizer.swift in Sources */ = {isa = PBXBuildFile; fileRef = 3B3331871CD3A4D1009CB79E /* WaveformGestureRecognizer.swift */; };
		3B49100F1CB2035E00465504 /* TrackCollectionViewCell.swift in Sources */ = {isa = PBXBuildFile; fileRef = 3B49100E1CB2035E00465504 /* TrackCollectionViewCell.swift */; };
		3B4C3B291CA728DD00B4684D /* LoopRecordView.swift in Sources */ = {isa = PBXBuildFile; fileRef = 3B4C3B281CA728DD00B4684D /* LoopRecordView.swift */; };
		3B6A8E231CB54210007B9030 /* LoopService.swift in Sources */ = {isa = PBXBuildFile; fileRef = 3B6A8E221CB54210007B9030 /* LoopService.swift */; };
		3B6A8E271CB76545007B9030 /* LayoutHelper.swift in Sources */ = {isa = PBXBuildFile; fileRef = 3B6A8E261CB76545007B9030 /* LayoutHelper.swift */; };
		3B731CC61DBABD1400B0420B /* TracksLoopRecordCollectionViewLayout.swift in Sources */ = {isa = PBXBuildFile; fileRef = 3B731CC51DBABD1400B0420B /* TracksLoopRecordCollectionViewLayout.swift */; };
		3B7B62161CB4316600C4833F /* ControlLabelView.swift in Sources */ = {isa = PBXBuildFile; fileRef = 3B7B62151CB4316600C4833F /* ControlLabelView.swift */; };
		3B7B62181CB43E7400C4833F /* TrackAccessView.swift in Sources */ = {isa = PBXBuildFile; fileRef = 3B7B62171CB43E7400C4833F /* TrackAccessView.swift */; };
		3B7B621A1CB4437300C4833F /* TrackSelectorDelegate.swift in Sources */ = {isa = PBXBuildFile; fileRef = 3B7B62191CB4437300C4833F /* TrackSelectorDelegate.swift */; };
		3B7F73AF1CC12C350094244D /* AudioVolumeDelegate.swift in Sources */ = {isa = PBXBuildFile; fileRef = 3B7F73AE1CC12C350094244D /* AudioVolumeDelegate.swift */; };
		3B7F73B11CC131BD0094244D /* VolumeControlView.swift in Sources */ = {isa = PBXBuildFile; fileRef = 3B7F73B01CC131BD0094244D /* VolumeControlView.swift */; };
		3B8148921CA32B2100E5D91D /* BookmarkView.swift in Sources */ = {isa = PBXBuildFile; fileRef = 3B8148911CA32B2100E5D91D /* BookmarkView.swift */; };
		3B98F68D1CA032B4000DB79E /* TrackService.swift in Sources */ = {isa = PBXBuildFile; fileRef = 3B98F68C1CA032B4000DB79E /* TrackService.swift */; };
		3B98F6901CA03E62000DB79E /* PlaybackDelegate.swift in Sources */ = {isa = PBXBuildFile; fileRef = 3B98F68F1CA03E62000DB79E /* PlaybackDelegate.swift */; };
		3B98F6931CA042B9000DB79E /* RecordDelegate.swift in Sources */ = {isa = PBXBuildFile; fileRef = 3B98F6921CA042B9000DB79E /* RecordDelegate.swift */; };
		3B98F6951CA042FF000DB79E /* MeterDelegate.swift in Sources */ = {isa = PBXBuildFile; fileRef = 3B98F6941CA042FF000DB79E /* MeterDelegate.swift */; };
		3B98F6971CA046E9000DB79E /* RecordView.swift in Sources */ = {isa = PBXBuildFile; fileRef = 3B98F6961CA046E9000DB79E /* RecordView.swift */; };
		3B98F69A1CA0474B000DB79E /* Constants.swift in Sources */ = {isa = PBXBuildFile; fileRef = 3B98F6991CA0474B000DB79E /* Constants.swift */; };
		3BA564D51CCFF0640019DBCB /* PlaybackVisualDelegate.swift in Sources */ = {isa = PBXBuildFile; fileRef = 3BA564D41CCFF0640019DBCB /* PlaybackVisualDelegate.swift */; };
		3BAE1E851DBC237D00E3A5DB /* UIColorExtensions.swift in Sources */ = {isa = PBXBuildFile; fileRef = 3BAE1E841DBC237D00E3A5DB /* UIColorExtensions.swift */; };
		3BAF48101CADAE71009ADA6E /* LoopPlaybackDelegate.swift in Sources */ = {isa = PBXBuildFile; fileRef = 3BAF480F1CADAE71009ADA6E /* LoopPlaybackDelegate.swift */; };
		3BAF48121CADB62E009ADA6E /* LoopPlaybackView.swift in Sources */ = {isa = PBXBuildFile; fileRef = 3BAF48111CADB62E009ADA6E /* LoopPlaybackView.swift */; };
		3BB8C5A51DAD883500427528 /* LoopRecordCancelView.swift in Sources */ = {isa = PBXBuildFile; fileRef = 3BB8C5A41DAD883500427528 /* LoopRecordCancelView.swift */; };
		3BE35EF31CCD95DF00AC825C /* TracksCollectionViewLayout.swift in Sources */ = {isa = PBXBuildFile; fileRef = 3BE35EF21CCD95DF00AC825C /* TracksCollectionViewLayout.swift */; };
		3BE5DDAF1C9E314C00574670 /* AppDelegate.swift in Sources */ = {isa = PBXBuildFile; fileRef = 3BE5DDAE1C9E314C00574670 /* AppDelegate.swift */; };
		3BE5DDB11C9E314C00574670 /* HomeViewController.swift in Sources */ = {isa = PBXBuildFile; fileRef = 3BE5DDB01C9E314C00574670 /* HomeViewController.swift */; };
		3BE5DDB41C9E314C00574670 /* Main.storyboard in Resources */ = {isa = PBXBuildFile; fileRef = 3BE5DDB21C9E314C00574670 /* Main.storyboard */; };
		3BE5DDB61C9E314C00574670 /* Assets.xcassets in Resources */ = {isa = PBXBuildFile; fileRef = 3BE5DDB51C9E314C00574670 /* Assets.xcassets */; };
		3BE5DDB91C9E314C00574670 /* LaunchScreen.storyboard in Resources */ = {isa = PBXBuildFile; fileRef = 3BE5DDB71C9E314C00574670 /* LaunchScreen.storyboard */; };
		3BE5DDC31C9F575E00574670 /* WaveformView.swift in Sources */ = {isa = PBXBuildFile; fileRef = 3BE5DDC21C9F575E00574670 /* WaveformView.swift */; };
/* End PBXBuildFile section */

/* Begin PBXFileReference section */
		3B0D3DBA1CCE62AB00EF8D0C /* CreateTrackView.swift */ = {isa = PBXFileReference; fileEncoding = 4; lastKnownFileType = sourcecode.swift; path = CreateTrackView.swift; sourceTree = "<group>"; };
		3B1DE0341CB2911900682689 /* WaveformCollectionViewLayout.swift */ = {isa = PBXFileReference; fileEncoding = 4; lastKnownFileType = sourcecode.swift; path = WaveformCollectionViewLayout.swift; sourceTree = "<group>"; };
		3B1DE0371CB3126500682689 /* LoopPoint.swift */ = {isa = PBXFileReference; fileEncoding = 4; lastKnownFileType = sourcecode.swift; path = LoopPoint.swift; sourceTree = "<group>"; };
		3B1DE0391CB3134E00682689 /* Track.swift */ = {isa = PBXFileReference; fileEncoding = 4; lastKnownFileType = sourcecode.swift; path = Track.swift; sourceTree = "<group>"; };
		3B1DE03B1CB42D2100682689 /* Disablable.swift */ = {isa = PBXFileReference; fileEncoding = 4; lastKnownFileType = sourcecode.swift; path = Disablable.swift; sourceTree = "<group>"; };
		3B297B4F1CCBE49700C93E2E /* MuteAllView.swift */ = {isa = PBXFileReference; fileEncoding = 4; lastKnownFileType = sourcecode.swift; path = MuteAllView.swift; sourceTree = "<group>"; };
		3B2F91F81CAAD300003B54FE /* LoopRecordDelegate.swift */ = {isa = PBXFileReference; fileEncoding = 4; lastKnownFileType = sourcecode.swift; path = LoopRecordDelegate.swift; sourceTree = "<group>"; };
		3B3331851CD2B601009CB79E /* RemoveTrackView.swift */ = {isa = PBXFileReference; fileEncoding = 4; lastKnownFileType = sourcecode.swift; path = RemoveTrackView.swift; sourceTree = "<group>"; };
		3B3331871CD3A4D1009CB79E /* WaveformGestureRecognizer.swift */ = {isa = PBXFileReference; fileEncoding = 4; lastKnownFileType = sourcecode.swift; path = WaveformGestureRecognizer.swift; sourceTree = "<group>"; };
		3B49100E1CB2035E00465504 /* TrackCollectionViewCell.swift */ = {isa = PBXFileReference; fileEncoding = 4; lastKnownFileType = sourcecode.swift; path = TrackCollectionViewCell.swift; sourceTree = "<group>"; };
		3B4C3B281CA728DD00B4684D /* LoopRecordView.swift */ = {isa = PBXFileReference; fileEncoding = 4; lastKnownFileType = sourcecode.swift; path = LoopRecordView.swift; sourceTree = "<group>"; };
		3B6A8E221CB54210007B9030 /* LoopService.swift */ = {isa = PBXFileReference; fileEncoding = 4; lastKnownFileType = sourcecode.swift; path = LoopService.swift; sourceTree = "<group>"; };
		3B6A8E261CB76545007B9030 /* LayoutHelper.swift */ = {isa = PBXFileReference; fileEncoding = 4; lastKnownFileType = sourcecode.swift; path = LayoutHelper.swift; sourceTree = "<group>"; };
		3B731CC51DBABD1400B0420B /* TracksLoopRecordCollectionViewLayout.swift */ = {isa = PBXFileReference; fileEncoding = 4; lastKnownFileType = sourcecode.swift; path = TracksLoopRecordCollectionViewLayout.swift; sourceTree = "<group>"; };
		3B7B62151CB4316600C4833F /* ControlLabelView.swift */ = {isa = PBXFileReference; fileEncoding = 4; lastKnownFileType = sourcecode.swift; path = ControlLabelView.swift; sourceTree = "<group>"; };
		3B7B62171CB43E7400C4833F /* TrackAccessView.swift */ = {isa = PBXFileReference; fileEncoding = 4; lastKnownFileType = sourcecode.swift; path = TrackAccessView.swift; sourceTree = "<group>"; };
		3B7B62191CB4437300C4833F /* TrackSelectorDelegate.swift */ = {isa = PBXFileReference; fileEncoding = 4; lastKnownFileType = sourcecode.swift; path = TrackSelectorDelegate.swift; sourceTree = "<group>"; };
		3B7F73AE1CC12C350094244D /* AudioVolumeDelegate.swift */ = {isa = PBXFileReference; fileEncoding = 4; lastKnownFileType = sourcecode.swift; path = AudioVolumeDelegate.swift; sourceTree = "<group>"; };
		3B7F73B01CC131BD0094244D /* VolumeControlView.swift */ = {isa = PBXFileReference; fileEncoding = 4; lastKnownFileType = sourcecode.swift; path = VolumeControlView.swift; sourceTree = "<group>"; };
		3B8148911CA32B2100E5D91D /* BookmarkView.swift */ = {isa = PBXFileReference; fileEncoding = 4; lastKnownFileType = sourcecode.swift; path = BookmarkView.swift; sourceTree = "<group>"; };
		3B98F68C1CA032B4000DB79E /* TrackService.swift */ = {isa = PBXFileReference; fileEncoding = 4; lastKnownFileType = sourcecode.swift; path = TrackService.swift; sourceTree = "<group>"; };
		3B98F68F1CA03E62000DB79E /* PlaybackDelegate.swift */ = {isa = PBXFileReference; fileEncoding = 4; lastKnownFileType = sourcecode.swift; path = PlaybackDelegate.swift; sourceTree = "<group>"; };
		3B98F6921CA042B9000DB79E /* RecordDelegate.swift */ = {isa = PBXFileReference; fileEncoding = 4; lastKnownFileType = sourcecode.swift; path = RecordDelegate.swift; sourceTree = "<group>"; };
		3B98F6941CA042FF000DB79E /* MeterDelegate.swift */ = {isa = PBXFileReference; fileEncoding = 4; lastKnownFileType = sourcecode.swift; path = MeterDelegate.swift; sourceTree = "<group>"; };
		3B98F6961CA046E9000DB79E /* RecordView.swift */ = {isa = PBXFileReference; fileEncoding = 4; lastKnownFileType = sourcecode.swift; path = RecordView.swift; sourceTree = "<group>"; };
		3B98F6991CA0474B000DB79E /* Constants.swift */ = {isa = PBXFileReference; fileEncoding = 4; lastKnownFileType = sourcecode.swift; path = Constants.swift; sourceTree = "<group>"; };
		3BA564D41CCFF0640019DBCB /* PlaybackVisualDelegate.swift */ = {isa = PBXFileReference; fileEncoding = 4; lastKnownFileType = sourcecode.swift; path = PlaybackVisualDelegate.swift; sourceTree = "<group>"; };
		3BAE1E841DBC237D00E3A5DB /* UIColorExtensions.swift */ = {isa = PBXFileReference; fileEncoding = 4; lastKnownFileType = sourcecode.swift; path = UIColorExtensions.swift; sourceTree = "<group>"; };
		3BAF480F1CADAE71009ADA6E /* LoopPlaybackDelegate.swift */ = {isa = PBXFileReference; fileEncoding = 4; lastKnownFileType = sourcecode.swift; path = LoopPlaybackDelegate.swift; sourceTree = "<group>"; };
		3BAF48111CADB62E009ADA6E /* LoopPlaybackView.swift */ = {isa = PBXFileReference; fileEncoding = 4; lastKnownFileType = sourcecode.swift; path = LoopPlaybackView.swift; sourceTree = "<group>"; };
		3BB8C5A41DAD883500427528 /* LoopRecordCancelView.swift */ = {isa = PBXFileReference; fileEncoding = 4; lastKnownFileType = sourcecode.swift; path = LoopRecordCancelView.swift; sourceTree = "<group>"; };
		3BE35EF21CCD95DF00AC825C /* TracksCollectionViewLayout.swift */ = {isa = PBXFileReference; fileEncoding = 4; lastKnownFileType = sourcecode.swift; path = TracksCollectionViewLayout.swift; sourceTree = "<group>"; };
		3BE5DDAB1C9E314C00574670 /* Repeatr.app */ = {isa = PBXFileReference; explicitFileType = wrapper.application; includeInIndex = 0; path = Repeatr.app; sourceTree = BUILT_PRODUCTS_DIR; };
		3BE5DDAE1C9E314C00574670 /* AppDelegate.swift */ = {isa = PBXFileReference; lastKnownFileType = sourcecode.swift; path = AppDelegate.swift; sourceTree = "<group>"; };
		3BE5DDB01C9E314C00574670 /* HomeViewController.swift */ = {isa = PBXFileReference; lastKnownFileType = sourcecode.swift; path = HomeViewController.swift; sourceTree = "<group>"; };
		3BE5DDB31C9E314C00574670 /* Base */ = {isa = PBXFileReference; lastKnownFileType = file.storyboard; name = Base; path = Base.lproj/Main.storyboard; sourceTree = "<group>"; };
		3BE5DDB51C9E314C00574670 /* Assets.xcassets */ = {isa = PBXFileReference; lastKnownFileType = folder.assetcatalog; path = Assets.xcassets; sourceTree = "<group>"; };
		3BE5DDB81C9E314C00574670 /* Base */ = {isa = PBXFileReference; lastKnownFileType = file.storyboard; name = Base; path = Base.lproj/LaunchScreen.storyboard; sourceTree = "<group>"; };
		3BE5DDBA1C9E314C00574670 /* Info.plist */ = {isa = PBXFileReference; lastKnownFileType = text.plist.xml; path = Info.plist; sourceTree = "<group>"; };
		3BE5DDC21C9F575E00574670 /* WaveformView.swift */ = {isa = PBXFileReference; fileEncoding = 4; lastKnownFileType = sourcecode.swift; path = WaveformView.swift; sourceTree = "<group>"; };
/* End PBXFileReference section */

/* Begin PBXFrameworksBuildPhase section */
		3BE5DDA81C9E314C00574670 /* Frameworks */ = {
			isa = PBXFrameworksBuildPhase;
			buildActionMask = 2147483647;
			files = (
			);
			runOnlyForDeploymentPostprocessing = 0;
		};
/* End PBXFrameworksBuildPhase section */

/* Begin PBXGroup section */
		3B1DE0361CB3125700682689 /* Models */ = {
			isa = PBXGroup;
			children = (
				3B1DE0371CB3126500682689 /* LoopPoint.swift */,
				3B1DE0391CB3134E00682689 /* Track.swift */,
			);
			name = Models;
			sourceTree = "<group>";
		};
		3B49100D1CB2028300465504 /* Cells */ = {
			isa = PBXGroup;
			children = (
				3B49100E1CB2035E00465504 /* TrackCollectionViewCell.swift */,
			);
			name = Cells;
			sourceTree = "<group>";
		};
		3B98F68B1CA0329A000DB79E /* Services */ = {
			isa = PBXGroup;
			children = (
				3B98F68C1CA032B4000DB79E /* TrackService.swift */,
				3B6A8E221CB54210007B9030 /* LoopService.swift */,
			);
			name = Services;
			sourceTree = "<group>";
		};
		3B98F68E1CA03E40000DB79E /* Delegates */ = {
			isa = PBXGroup;
			children = (
				3B98F68F1CA03E62000DB79E /* PlaybackDelegate.swift */,
				3B98F6921CA042B9000DB79E /* RecordDelegate.swift */,
				3B98F6941CA042FF000DB79E /* MeterDelegate.swift */,
				3B2F91F81CAAD300003B54FE /* LoopRecordDelegate.swift */,
				3BAF480F1CADAE71009ADA6E /* LoopPlaybackDelegate.swift */,
				3B1DE03B1CB42D2100682689 /* Disablable.swift */,
				3B7B62191CB4437300C4833F /* TrackSelectorDelegate.swift */,
				3B7F73AE1CC12C350094244D /* AudioVolumeDelegate.swift */,
				3BA564D41CCFF0640019DBCB /* PlaybackVisualDelegate.swift */,
			);
			name = Delegates;
			sourceTree = "<group>";
		};
		3B98F6981CA04732000DB79E /* Misc */ = {
			isa = PBXGroup;
			children = (
				3B98F6991CA0474B000DB79E /* Constants.swift */,
				3B1DE0341CB2911900682689 /* WaveformCollectionViewLayout.swift */,
				3B6A8E261CB76545007B9030 /* LayoutHelper.swift */,
				3BE35EF21CCD95DF00AC825C /* TracksCollectionViewLayout.swift */,
				3B3331871CD3A4D1009CB79E /* WaveformGestureRecognizer.swift */,
				3B731CC51DBABD1400B0420B /* TracksLoopRecordCollectionViewLayout.swift */,
			);
			name = Misc;
			sourceTree = "<group>";
		};
		3BB8C5A11DAD62AF00427528 /* Extensions */ = {
			isa = PBXGroup;
			children = (
				3BAE1E841DBC237D00E3A5DB /* UIColorExtensions.swift */,
			);
			name = Extensions;
			sourceTree = "<group>";
		};
		3BE5DDA21C9E314C00574670 = {
			isa = PBXGroup;
			children = (
				3BE5DDAD1C9E314C00574670 /* Repeatr */,
				3BE5DDAC1C9E314C00574670 /* Products */,
			);
			sourceTree = "<group>";
		};
		3BE5DDAC1C9E314C00574670 /* Products */ = {
			isa = PBXGroup;
			children = (
				3BE5DDAB1C9E314C00574670 /* Repeatr.app */,
			);
			name = Products;
			sourceTree = "<group>";
		};
		3BE5DDAD1C9E314C00574670 /* Repeatr */ = {
			isa = PBXGroup;
			children = (
				3BE5DDBA1C9E314C00574670 /* Info.plist */,
				3BE5DDAE1C9E314C00574670 /* AppDelegate.swift */,
				3BE5DDB51C9E314C00574670 /* Assets.xcassets */,
				3B49100D1CB2028300465504 /* Cells */,
				3B98F68E1CA03E40000DB79E /* Delegates */,
				3BB8C5A11DAD62AF00427528 /* Extensions */,
				3BE5DDB71C9E314C00574670 /* LaunchScreen.storyboard */,
				3BE5DDB21C9E314C00574670 /* Main.storyboard */,
				3B98F6981CA04732000DB79E /* Misc */,
				3B1DE0361CB3125700682689 /* Models */,
				3B98F68B1CA0329A000DB79E /* Services */,
				3BE5DDC01C9F56D100574670 /* ViewControllers */,
				3BE5DDC11C9F572A00574670 /* Views */,
			);
			name = Repeatr;
			path = SampleCity;
			sourceTree = "<group>";
		};
		3BE5DDC01C9F56D100574670 /* ViewControllers */ = {
			isa = PBXGroup;
			children = (
				3BE5DDB01C9E314C00574670 /* HomeViewController.swift */,
			);
			name = ViewControllers;
			sourceTree = "<group>";
		};
		3BE5DDC11C9F572A00574670 /* Views */ = {
			isa = PBXGroup;
			children = (
				3B8148911CA32B2100E5D91D /* BookmarkView.swift */,
				3B7B62151CB4316600C4833F /* ControlLabelView.swift */,
				3B0D3DBA1CCE62AB00EF8D0C /* CreateTrackView.swift */,
				3BAF48111CADB62E009ADA6E /* LoopPlaybackView.swift */,
				3BB8C5A41DAD883500427528 /* LoopRecordCancelView.swift */,
				3B4C3B281CA728DD00B4684D /* LoopRecordView.swift */,
				3B297B4F1CCBE49700C93E2E /* MuteAllView.swift */,
				3B98F6961CA046E9000DB79E /* RecordView.swift */,
				3B3331851CD2B601009CB79E /* RemoveTrackView.swift */,
				3B7B62171CB43E7400C4833F /* TrackAccessView.swift */,
				3B7F73B01CC131BD0094244D /* VolumeControlView.swift */,
				3BE5DDC21C9F575E00574670 /* WaveformView.swift */,
			);
			name = Views;
			sourceTree = "<group>";
		};
/* End PBXGroup section */

/* Begin PBXNativeTarget section */
		3BE5DDAA1C9E314C00574670 /* Repeatr */ = {
			isa = PBXNativeTarget;
			buildConfigurationList = 3BE5DDBD1C9E314C00574670 /* Build configuration list for PBXNativeTarget "Repeatr" */;
			buildPhases = (
				3BE5DDA71C9E314C00574670 /* Sources */,
				3BE5DDA81C9E314C00574670 /* Frameworks */,
				3BE5DDA91C9E314C00574670 /* Resources */,
			);
			buildRules = (
			);
			dependencies = (
			);
			name = Repeatr;
			productName = SampleCity;
			productReference = 3BE5DDAB1C9E314C00574670 /* Repeatr.app */;
			productType = "com.apple.product-type.application";
		};
/* End PBXNativeTarget section */

/* Begin PBXProject section */
		3BE5DDA31C9E314C00574670 /* Project object */ = {
			isa = PBXProject;
			attributes = {
				LastSwiftUpdateCheck = 0720;
				LastUpgradeCheck = 0800;
				ORGANIZATIONNAME = "Alexander Katz";
				TargetAttributes = {
					3BE5DDAA1C9E314C00574670 = {
						CreatedOnToolsVersion = 7.2.1;
						DevelopmentTeam = UX2RCP32D2;
						LastSwiftMigration = 0800;
					};
				};
			};
			buildConfigurationList = 3BE5DDA61C9E314C00574670 /* Build configuration list for PBXProject "Repeatr" */;
			compatibilityVersion = "Xcode 3.2";
			developmentRegion = English;
			hasScannedForEncodings = 0;
			knownRegions = (
				en,
				Base,
			);
			mainGroup = 3BE5DDA21C9E314C00574670;
			productRefGroup = 3BE5DDAC1C9E314C00574670 /* Products */;
			projectDirPath = "";
			projectRoot = "";
			targets = (
				3BE5DDAA1C9E314C00574670 /* Repeatr */,
			);
		};
/* End PBXProject section */

/* Begin PBXResourcesBuildPhase section */
		3BE5DDA91C9E314C00574670 /* Resources */ = {
			isa = PBXResourcesBuildPhase;
			buildActionMask = 2147483647;
			files = (
				3BE5DDB91C9E314C00574670 /* LaunchScreen.storyboard in Resources */,
				3BE5DDB61C9E314C00574670 /* Assets.xcassets in Resources */,
				3BE5DDB41C9E314C00574670 /* Main.storyboard in Resources */,
			);
			runOnlyForDeploymentPostprocessing = 0;
		};
/* End PBXResourcesBuildPhase section */

/* Begin PBXSourcesBuildPhase section */
		3BE5DDA71C9E314C00574670 /* Sources */ = {
			isa = PBXSourcesBuildPhase;
			buildActionMask = 2147483647;
			files = (
				3B98F68D1CA032B4000DB79E /* TrackService.swift in Sources */,
				3B6A8E271CB76545007B9030 /* LayoutHelper.swift in Sources */,
				3BE5DDB11C9E314C00574670 /* HomeViewController.swift in Sources */,
				3B7F73AF1CC12C350094244D /* AudioVolumeDelegate.swift in Sources */,
				3BE5DDAF1C9E314C00574670 /* AppDelegate.swift in Sources */,
				3B49100F1CB2035E00465504 /* TrackCollectionViewCell.swift in Sources */,
				3B98F6951CA042FF000DB79E /* MeterDelegate.swift in Sources */,
				3B1DE03A1CB3134E00682689 /* Track.swift in Sources */,
				3B98F6901CA03E62000DB79E /* PlaybackDelegate.swift in Sources */,
				3BAF48101CADAE71009ADA6E /* LoopPlaybackDelegate.swift in Sources */,
				3B98F6971CA046E9000DB79E /* RecordView.swift in Sources */,
				3B0D3DBB1CCE62AB00EF8D0C /* CreateTrackView.swift in Sources */,
				3B8148921CA32B2100E5D91D /* BookmarkView.swift in Sources */,
				3BE35EF31CCD95DF00AC825C /* TracksCollectionViewLayout.swift in Sources */,
				3B7F73B11CC131BD0094244D /* VolumeControlView.swift in Sources */,
				3BB8C5A51DAD883500427528 /* LoopRecordCancelView.swift in Sources */,
				3BA564D51CCFF0640019DBCB /* PlaybackVisualDelegate.swift in Sources */,
				3BE5DDC31C9F575E00574670 /* WaveformView.swift in Sources */,
				3B7B62181CB43E7400C4833F /* TrackAccessView.swift in Sources */,
				3B98F6931CA042B9000DB79E /* RecordDelegate.swift in Sources */,
				3B6A8E231CB54210007B9030 /* LoopService.swift in Sources */,
				3B98F69A1CA0474B000DB79E /* Constants.swift in Sources */,
				3B1DE0381CB3126500682689 /* LoopPoint.swift in Sources */,
				3B3331861CD2B601009CB79E /* RemoveTrackView.swift in Sources */,
				3B4C3B291CA728DD00B4684D /* LoopRecordView.swift in Sources */,
				3B3331881CD3A4D1009CB79E /* WaveformGestureRecognizer.swift in Sources */,
				3B297B501CCBE49700C93E2E /* MuteAllView.swift in Sources */,
				3B1DE03C1CB42D2100682689 /* Disablable.swift in Sources */,
				3B7B62161CB4316600C4833F /* ControlLabelView.swift in Sources */,
				3BAE1E851DBC237D00E3A5DB /* UIColorExtensions.swift in Sources */,
				3B1DE0351CB2911900682689 /* WaveformCollectionViewLayout.swift in Sources */,
				3B731CC61DBABD1400B0420B /* TracksLoopRecordCollectionViewLayout.swift in Sources */,
				3B7B621A1CB4437300C4833F /* TrackSelectorDelegate.swift in Sources */,
				3B2F91F91CAAD300003B54FE /* LoopRecordDelegate.swift in Sources */,
				3BAF48121CADB62E009ADA6E /* LoopPlaybackView.swift in Sources */,
			);
			runOnlyForDeploymentPostprocessing = 0;
		};
/* End PBXSourcesBuildPhase section */

/* Begin PBXVariantGroup section */
		3BE5DDB21C9E314C00574670 /* Main.storyboard */ = {
			isa = PBXVariantGroup;
			children = (
				3BE5DDB31C9E314C00574670 /* Base */,
			);
			name = Main.storyboard;
			sourceTree = "<group>";
		};
		3BE5DDB71C9E314C00574670 /* LaunchScreen.storyboard */ = {
			isa = PBXVariantGroup;
			children = (
				3BE5DDB81C9E314C00574670 /* Base */,
			);
			name = LaunchScreen.storyboard;
			sourceTree = "<group>";
		};
/* End PBXVariantGroup section */

/* Begin XCBuildConfiguration section */
		3BE5DDBB1C9E314C00574670 /* Debug */ = {
			isa = XCBuildConfiguration;
			buildSettings = {
				ALWAYS_SEARCH_USER_PATHS = NO;
				CLANG_CXX_LANGUAGE_STANDARD = "gnu++0x";
				CLANG_CXX_LIBRARY = "libc++";
				CLANG_ENABLE_MODULES = YES;
				CLANG_ENABLE_OBJC_ARC = YES;
				CLANG_WARN_BOOL_CONVERSION = YES;
				CLANG_WARN_CONSTANT_CONVERSION = YES;
				CLANG_WARN_DIRECT_OBJC_ISA_USAGE = YES_ERROR;
				CLANG_WARN_EMPTY_BODY = YES;
				CLANG_WARN_ENUM_CONVERSION = YES;
				CLANG_WARN_INFINITE_RECURSION = YES;
				CLANG_WARN_INT_CONVERSION = YES;
				CLANG_WARN_OBJC_ROOT_CLASS = YES_ERROR;
				CLANG_WARN_SUSPICIOUS_MOVE = YES;
				CLANG_WARN_UNREACHABLE_CODE = YES;
				CLANG_WARN__DUPLICATE_METHOD_MATCH = YES;
				"CODE_SIGN_IDENTITY[sdk=iphoneos*]" = "iPhone Developer";
				COPY_PHASE_STRIP = NO;
				DEBUG_INFORMATION_FORMAT = dwarf;
				ENABLE_STRICT_OBJC_MSGSEND = YES;
				ENABLE_TESTABILITY = YES;
				GCC_C_LANGUAGE_STANDARD = gnu99;
				GCC_DYNAMIC_NO_PIC = NO;
				GCC_NO_COMMON_BLOCKS = YES;
				GCC_OPTIMIZATION_LEVEL = 0;
				GCC_PREPROCESSOR_DEFINITIONS = (
					"DEBUG=1",
					"$(inherited)",
				);
				GCC_WARN_64_TO_32_BIT_CONVERSION = YES;
				GCC_WARN_ABOUT_RETURN_TYPE = YES_ERROR;
				GCC_WARN_UNDECLARED_SELECTOR = YES;
				GCC_WARN_UNINITIALIZED_AUTOS = YES_AGGRESSIVE;
				GCC_WARN_UNUSED_FUNCTION = YES;
				GCC_WARN_UNUSED_VARIABLE = YES;
				IPHONEOS_DEPLOYMENT_TARGET = 9.3;
				MTL_ENABLE_DEBUG_INFO = YES;
				ONLY_ACTIVE_ARCH = YES;
				SDKROOT = iphoneos;
				SWIFT_OPTIMIZATION_LEVEL = "-Onone";
			};
			name = Debug;
		};
		3BE5DDBC1C9E314C00574670 /* Release */ = {
			isa = XCBuildConfiguration;
			buildSettings = {
				ALWAYS_SEARCH_USER_PATHS = NO;
				CLANG_CXX_LANGUAGE_STANDARD = "gnu++0x";
				CLANG_CXX_LIBRARY = "libc++";
				CLANG_ENABLE_MODULES = YES;
				CLANG_ENABLE_OBJC_ARC = YES;
				CLANG_WARN_BOOL_CONVERSION = YES;
				CLANG_WARN_CONSTANT_CONVERSION = YES;
				CLANG_WARN_DIRECT_OBJC_ISA_USAGE = YES_ERROR;
				CLANG_WARN_EMPTY_BODY = YES;
				CLANG_WARN_ENUM_CONVERSION = YES;
				CLANG_WARN_INFINITE_RECURSION = YES;
				CLANG_WARN_INT_CONVERSION = YES;
				CLANG_WARN_OBJC_ROOT_CLASS = YES_ERROR;
				CLANG_WARN_SUSPICIOUS_MOVE = YES;
				CLANG_WARN_UNREACHABLE_CODE = YES;
				CLANG_WARN__DUPLICATE_METHOD_MATCH = YES;
				"CODE_SIGN_IDENTITY[sdk=iphoneos*]" = "iPhone Developer";
				COPY_PHASE_STRIP = NO;
				DEBUG_INFORMATION_FORMAT = "dwarf-with-dsym";
				ENABLE_NS_ASSERTIONS = NO;
				ENABLE_STRICT_OBJC_MSGSEND = YES;
				GCC_C_LANGUAGE_STANDARD = gnu99;
				GCC_NO_COMMON_BLOCKS = YES;
				GCC_WARN_64_TO_32_BIT_CONVERSION = YES;
				GCC_WARN_ABOUT_RETURN_TYPE = YES_ERROR;
				GCC_WARN_UNDECLARED_SELECTOR = YES;
				GCC_WARN_UNINITIALIZED_AUTOS = YES_AGGRESSIVE;
				GCC_WARN_UNUSED_FUNCTION = YES;
				GCC_WARN_UNUSED_VARIABLE = YES;
				IPHONEOS_DEPLOYMENT_TARGET = 9.3;
				MTL_ENABLE_DEBUG_INFO = NO;
				SDKROOT = iphoneos;
				SWIFT_OPTIMIZATION_LEVEL = "-Owholemodule";
				VALIDATE_PRODUCT = YES;
			};
			name = Release;
		};
		3BE5DDBE1C9E314C00574670 /* Debug */ = {
			isa = XCBuildConfiguration;
			buildSettings = {
				ALWAYS_EMBED_SWIFT_STANDARD_LIBRARIES = NO;
				ASSETCATALOG_COMPILER_APPICON_NAME = AppIcon;
				CODE_SIGN_IDENTITY = "iPhone Developer";
				"CODE_SIGN_IDENTITY[sdk=iphoneos*]" = "iPhone Developer";
				INFOPLIST_FILE = SampleCity/Info.plist;
				IPHONEOS_DEPLOYMENT_TARGET = 9.3;
				LD_RUNPATH_SEARCH_PATHS = "$(inherited) @executable_path/Frameworks";
				PRODUCT_BUNDLE_IDENTIFIER = com.alexkatz.repeatr;
				PRODUCT_NAME = "$(TARGET_NAME)";
				PROVISIONING_PROFILE = "";
				SWIFT_VERSION = 3.0;
			};
			name = Debug;
		};
		3BE5DDBF1C9E314C00574670 /* Release */ = {
			isa = XCBuildConfiguration;
			buildSettings = {
				ALWAYS_EMBED_SWIFT_STANDARD_LIBRARIES = NO;
				ASSETCATALOG_COMPILER_APPICON_NAME = AppIcon;
				CODE_SIGN_IDENTITY = "iPhone Developer";
				"CODE_SIGN_IDENTITY[sdk=iphoneos*]" = "iPhone Developer";
				INFOPLIST_FILE = SampleCity/Info.plist;
				IPHONEOS_DEPLOYMENT_TARGET = 9.3;
				LD_RUNPATH_SEARCH_PATHS = "$(inherited) @executable_path/Frameworks";
				PRODUCT_BUNDLE_IDENTIFIER = com.alexkatz.repeatr;
				PRODUCT_NAME = "$(TARGET_NAME)";
				PROVISIONING_PROFILE = "";
				SWIFT_VERSION = 3.0;
			};
			name = Release;
		};
/* End XCBuildConfiguration section */

/* Begin XCConfigurationList section */
		3BE5DDA61C9E314C00574670 /* Build configuration list for PBXProject "Repeatr" */ = {
			isa = XCConfigurationList;
			buildConfigurations = (
				3BE5DDBB1C9E314C00574670 /* Debug */,
				3BE5DDBC1C9E314C00574670 /* Release */,
			);
			defaultConfigurationIsVisible = 0;
			defaultConfigurationName = Release;
		};
		3BE5DDBD1C9E314C00574670 /* Build configuration list for PBXNativeTarget "Repeatr" */ = {
			isa = XCConfigurationList;
			buildConfigurations = (
				3BE5DDBE1C9E314C00574670 /* Debug */,
				3BE5DDBF1C9E314C00574670 /* Release */,
			);
			defaultConfigurationIsVisible = 0;
			defaultConfigurationName = Release;
		};
/* End XCConfigurationList section */
	};
	rootObject = 3BE5DDA31C9E314C00574670 /* Project object */;
}
